
Microsoft Visual Studio Solution File, Format Version 12.00
# Visual Studio Version 16
VisualStudioVersion = 16.0.30711.63
MinimumVisualStudioVersion = 10.0.40219.1
Project("{FAE04EC0-301F-11D3-BF4B-00C04F79EFBC}") = "Walterlv.Demo.Manipulation", "Walterlv.Demo.Manipulation\Walterlv.Demo.Manipulation.csproj", "{176EE088-3968-4942-A973-6D237B687275}"
EndProject
Global
	GlobalSection(SolutionConfigurationPlatforms) = preSolution
		Debug|Any CPU = Debug|Any CPU
		Release|Any CPU = Release|Any CPU
	EndGlobalSection
	GlobalSection(ProjectConfigurationPlatforms) = postSolution
		{176EE088-3968-4942-A973-6D237B687275}.Debug|Any CPU.ActiveCfg = Debug|Any CPU
		{176EE088-3968-4942-A973-6D237B687275}.Debug|Any CPU.Build.0 = Debug|Any CPU
		{176EE088-3968-4942-A973-6D237B687275}.Release|Any CPU.ActiveCfg = Release|Any CPU
		{176EE088-3968-4942-A973-6D237B687275}.Release|Any CPU.Build.0 = Release|Any CPU
	EndGlobalSection
	GlobalSection(SolutionProperties) = preSolution
		HideSolutionNode = FALSE
	EndGlobalSection
	GlobalSection(ExtensibilityGlobals) = postSolution
		SolutionGuid = {7F0284C7-32E7-44D2-A250-85FBEB0BADE1}
	EndGlobalSection
EndGlobal
